{
    "_meta": {
        "hash": {
            "sha256": "87929c3a985113a9e7d549537c549369a20ca1e40b041e37a9dce3142878b4b1"
        },
        "pipfile-spec": 6,
        "requires": {
            "python_version": "3.11"
        },
        "sources": [
            {
                "name": "pypi",
                "url": "https://pypi.org/simple",
                "verify_ssl": true
            }
        ]
    },
    "default": {
        "marshmallow": {
            "hashes": [
                "sha256:4972f529104a220bb8637d595aa4c9762afbe7f7a77d82dc58c1615d70c5823e",
                "sha256:71a2dce49ef901c3f97ed296ae5051135fd3febd2bf43afe0ae9a82143a494d9"
            ],
            "markers": "python_version >= '3.8'",
            "version": "==3.22.0"
        },
        "marshmallow-dataclass": {
            "hashes": [
                "sha256:0218008fec3fd4b5f739b2a0c6d7593bcc403308f6da953e341e4e359e268849",
                "sha256:9e528d72b83f2b6b0f60cb29fd38781a6f7ce2155295adb1ed33289826a93c4b"
            ],
            "index": "pypi",
            "markers": "python_version >= '3.8'",
            "version": "==8.7.0"
        },
        "mypy-extensions": {
            "hashes": [
                "sha256:4392f6c0eb8a5668a69e23d168ffa70f0be9ccfd32b5cc2d26a34ae5b844552d",
                "sha256:75dbf8955dc00442a438fc4d0666508a9a97b6bd41aa2f0ffe9d2f2725af0782"
            ],
            "markers": "python_version >= '3.5'",
            "version": "==1.0.0"
        },
        "packaging": {
            "hashes": [
                "sha256:026ed72c8ed3fcce5bf8950572258698927fd1dbda10a5e981cdf0ac37f4f002",
                "sha256:5b8f2217dbdbd2f7f384c41c628544e6d52f2d0f53c6d0c3ea61aa5d1d7ff124"
            ],
            "markers": "python_version >= '3.8'",
            "version": "==24.1"
        },
        "typeguard": {
            "hashes": [
                "sha256:43f55cc9953f26dae362adb973b6c9ad6b97bfffcc6757277912eddd5cfa345b",
                "sha256:db35142d1f92fc8c1b954e5cc03b57810428f9cd4e4604647bdf5764fc5bbba9"
            ],
            "markers": "python_full_version >= '3.7.4'",
            "version": "==4.0.1"
        },
        "typing-extensions": {
            "hashes": [
                "sha256:04e5ca0351e0f3f85c6853954072df659d0d13fac324d0072316b67d7794700d",
                "sha256:1a7ead55c7e559dd4dee8856e3a88b41225abfe1ce8df57b7c13915fe121ffb8"
            ],
            "markers": "python_version < '3.12'",
            "version": "==4.12.2"
        },
        "typing-inspect": {
            "hashes": [
                "sha256:9ee6fc59062311ef8547596ab6b955e1b8aa46242d854bfc78f4f6b0eff35f9f",
                "sha256:b23fc42ff6f6ef6954e4852c1fb512cdd18dbea03134f91f856a95ccc9461f78"
            ],
            "version": "==0.9.0"
        }
    },
    "develop": {}
}
